
Microsoft Visual Studio Solution File, Format Version 12.00
# Visual Studio Version 17
VisualStudioVersion = 17.1.32104.313
MinimumVisualStudioVersion = 10.0.40219.1
Project("{9A19103F-16F7-4668-BE54-9A1E7A4F7556}") = "LearnAspNet", "LearnAspNet\LearnAspNet.csproj", "{81351493-C3EE-4A98-A65E-591FF2E8CDCA}"
EndProject
Project("{9A19103F-16F7-4668-BE54-9A1E7A4F7556}") = "NetSparkle", "NetSparkle\src\NetSparkle\NetSparkle.csproj", "{1956C03C-3011-433D-9A1A-2DD894FC0A63}"
EndProject
Project("{9A19103F-16F7-4668-BE54-9A1E7A4F7556}") = "NetSparkle.Api.AppCastGenerator", "NetSparkle\src\NetSparkle.Api.AppCastGenerator\NetSparkle.Api.AppCastGenerator.csproj", "{487C2785-185B-40B8-A8CB-559F50D03E32}"
EndProject
Project("{FAE04EC0-301F-11D3-BF4B-00C04F79EFBC}") = "NecklaceApi", "NecklaceApi\NecklaceApi.csproj", "{E3E16E09-CBB7-4EE8-8863-A17C356A7B04}"
EndProject
Global
	GlobalSection(SolutionConfigurationPlatforms) = preSolution
		Debug|Any CPU = Debug|Any CPU
		Release|Any CPU = Release|Any CPU
	EndGlobalSection
	GlobalSection(ProjectConfigurationPlatforms) = postSolution
		{81351493-C3EE-4A98-A65E-591FF2E8CDCA}.Debug|Any CPU.ActiveCfg = Debug|Any CPU
		{81351493-C3EE-4A98-A65E-591FF2E8CDCA}.Debug|Any CPU.Build.0 = Debug|Any CPU
		{81351493-C3EE-4A98-A65E-591FF2E8CDCA}.Release|Any CPU.ActiveCfg = Release|Any CPU
		{81351493-C3EE-4A98-A65E-591FF2E8CDCA}.Release|Any CPU.Build.0 = Release|Any CPU
		{1956C03C-3011-433D-9A1A-2DD894FC0A63}.Debug|Any CPU.ActiveCfg = Debug|Any CPU
		{1956C03C-3011-433D-9A1A-2DD894FC0A63}.Debug|Any CPU.Build.0 = Debug|Any CPU
		{1956C03C-3011-433D-9A1A-2DD894FC0A63}.Release|Any CPU.ActiveCfg = Release|Any CPU
		{1956C03C-3011-433D-9A1A-2DD894FC0A63}.Release|Any CPU.Build.0 = Release|Any CPU
		{487C2785-185B-40B8-A8CB-559F50D03E32}.Debug|Any CPU.ActiveCfg = Debug|Any CPU
		{487C2785-185B-40B8-A8CB-559F50D03E32}.Debug|Any CPU.Build.0 = Debug|Any CPU
		{487C2785-185B-40B8-A8CB-559F50D03E32}.Release|Any CPU.ActiveCfg = Release|Any CPU
		{487C2785-185B-40B8-A8CB-559F50D03E32}.Release|Any CPU.Build.0 = Release|Any CPU
		{E3E16E09-CBB7-4EE8-8863-A17C356A7B04}.Debug|Any CPU.ActiveCfg = Debug|Any CPU
		{E3E16E09-CBB7-4EE8-8863-A17C356A7B04}.Debug|Any CPU.Build.0 = Debug|Any CPU
		{E3E16E09-CBB7-4EE8-8863-A17C356A7B04}.Release|Any CPU.ActiveCfg = Release|Any CPU
		{E3E16E09-CBB7-4EE8-8863-A17C356A7B04}.Release|Any CPU.Build.0 = Release|Any CPU
	EndGlobalSection
	GlobalSection(SolutionProperties) = preSolution
		HideSolutionNode = FALSE
	EndGlobalSection
	GlobalSection(ExtensibilityGlobals) = postSolution
		SolutionGuid = {B42FC103-4006-42D9-8138-8AD82B3C98C7}
	EndGlobalSection
EndGlobal
